{
    "_meta": {
        "hash": {
            "sha256": "3c809c534887a7004dcbafb7128badb98150ee82eb8ec2a5a57b9ef7494ac924"
        },
        "pipfile-spec": 6,
        "requires": {
            "python_version": "3.8"
        },
        "sources": [
            {
                "name": "pypi",
                "url": "https://pypi.org/simple",
                "verify_ssl": true
            }
        ]
    },
    "default": {
        "cachetools": {
            "hashes": [
                "sha256:89ea6f1b638d5a73a4f9226be57ac5e4f399d22770b92355f92dcb0f7f001693",
                "sha256:92971d3cb7d2a97efff7c7bb1657f21a8f5fb309a37530537c71b1774189f2d1"
            ],
            "markers": "python_version ~= '3.5'",
            "version": "==4.2.4"
        },
        "certifi": {
            "hashes": [
                "sha256:35824b4c3a97115964b408844d64aa14db1cc518f6562e8d7261699d1350a9e3",
                "sha256:4ad3232f5e926d6718ec31cfc1fcadfde020920e278684144551c91769c7bc18"
            ],
            "markers": "python_version >= '3.6'",
            "version": "==2022.12.7"
        },
        "chardet": {
            "hashes": [
                "sha256:84ab92ed1c4d4f16916e05906b6b75a6c0fb5db821cc65e70cbd64a3e2a5eaae",
                "sha256:fc323ffcaeaed0e0a02bf4d117757b98aed530d9ed4531e3e15460124c106691"
            ],
            "version": "==3.0.4"
        },
        "google-api-core": {
            "hashes": [
                "sha256:10c06f7739fe57781f87523375e8e1a3a4674bf6392cd6131a3222182b971320",
                "sha256:34f24bd1d5f72a8c4519773d99ca6bf080a6c4e041b4e9f024fe230191dda62e"
            ],
            "markers": "python_version >= '3.7'",
            "version": "==2.10.2"
        },
        "google-auth": {
            "hashes": [
                "sha256:997516b42ecb5b63e8d80f5632c1a61dddf41d2a4c2748057837e06e00014258",
                "sha256:b7033be9028c188ee30200b204ea00ed82ea1162e8ac1df4aa6ded19a191d88e"
            ],
            "markers": "python_version >= '2.7' and python_version not in '3.0, 3.1, 3.2, 3.3, 3.4, 3.5'",
            "version": "==1.35.0"
        },
        "google-cloud-core": {
            "hashes": [
                "sha256:d5af737c60a73b9588a0511332ac0cdc6294ad8e477c7b82be03a1afc7c3f7b6",
                "sha256:dfa40e9d75a825632103326cc52617e3652658c17c6f7360448388d6c9d009fe"
            ],
            "markers": "python_version >= '2.7' and python_version not in '3.0, 3.1, 3.2, 3.3, 3.4, 3.5'",
            "version": "==1.7.3"
        },
        "google-cloud-storage": {
            "hashes": [
                "sha256:34fb8f7e8a2a633cbfb09d8dec38b3450c4029af1a328a67bca64f6226a1f4a5",
                "sha256:4f51c7700242a9d54c07117f25fec5d110ab85435b3ce60ac28cc553f8ea938b"
            ],
            "index": "pypi",
            "version": "==1.31.0"
        },
        "google-crc32c": {
            "hashes": [
                "sha256:024894d9d3cfbc5943f8f230e23950cd4906b2fe004c72e29b209420a1e6b05a",
                "sha256:02c65b9817512edc6a4ae7c7e987fea799d2e0ee40c53ec573a692bee24de876",
                "sha256:02ebb8bf46c13e36998aeaad1de9b48f4caf545e91d14041270d9dca767b780c",
                "sha256:07eb3c611ce363c51a933bf6bd7f8e3878a51d124acfc89452a75120bc436289",
                "sha256:1034d91442ead5a95b5aaef90dbfaca8633b0247d1e41621d1e9f9db88c36298",
                "sha256:116a7c3c616dd14a3de8c64a965828b197e5f2d121fedd2f8c5585c547e87b02",
                "sha256:19e0a019d2c4dcc5e598cd4a4bc7b008546b0358bd322537c74ad47a5386884f",
                "sha256:1c7abdac90433b09bad6c43a43af253e688c9cfc1c86d332aed13f9a7c7f65e2",
                "sha256:1e986b206dae4476f41bcec1faa057851f3889503a70e1bdb2378d406223994a",
                "sha256:272d3892a1e1a2dbc39cc5cde96834c236d5327e2122d3aaa19f6614531bb6eb",
                "sha256:278d2ed7c16cfc075c91378c4f47924c0625f5fc84b2d50d921b18b7975bd210",
                "sha256:2ad40e31093a4af319dadf503b2467ccdc8f67c72e4bcba97f8c10cb078207b5",
                "sha256:2e920d506ec85eb4ba50cd4228c2bec05642894d4c73c59b3a2fe20346bd00ee",
                "sha256:3359fc442a743e870f4588fcf5dcbc1bf929df1fad8fb9905cd94e5edb02e84c",
                "sha256:37933ec6e693e51a5b07505bd05de57eee12f3e8c32b07da7e73669398e6630a",
                "sha256:398af5e3ba9cf768787eef45c803ff9614cc3e22a5b2f7d7ae116df8b11e3314",
                "sha256:3b747a674c20a67343cb61d43fdd9207ce5da6a99f629c6e2541aa0e89215bcd",
                "sha256:461665ff58895f508e2866824a47bdee72497b091c730071f2b7575d5762ab65",
                "sha256:4c6fdd4fccbec90cc8a01fc00773fcd5fa28db683c116ee3cb35cd5da9ef6c37",
                "sha256:5829b792bf5822fd0a6f6eb34c5f81dd074f01d570ed7f36aa101d6fc7a0a6e4",
                "sha256:596d1f98fc70232fcb6590c439f43b350cb762fb5d61ce7b0e9db4539654cc13",
                "sha256:5ae44e10a8e3407dbe138984f21e536583f2bba1be9491239f942c2464ac0894",
                "sha256:635f5d4dd18758a1fbd1049a8e8d2fee4ffed124462d837d1a02a0e009c3ab31",
                "sha256:64e52e2b3970bd891309c113b54cf0e4384762c934d5ae56e283f9a0afcd953e",
                "sha256:66741ef4ee08ea0b2cc3c86916ab66b6aef03768525627fd6a1b34968b4e3709",
                "sha256:67b741654b851abafb7bc625b6d1cdd520a379074e64b6a128e3b688c3c04740",
                "sha256:6ac08d24c1f16bd2bf5eca8eaf8304812f44af5cfe5062006ec676e7e1d50afc",
                "sha256:6f998db4e71b645350b9ac28a2167e6632c239963ca9da411523bb439c5c514d",
                "sha256:72218785ce41b9cfd2fc1d6a017dc1ff7acfc4c17d01053265c41a2c0cc39b8c",
                "sha256:74dea7751d98034887dbd821b7aae3e1d36eda111d6ca36c206c44478035709c",
                "sha256:759ce4851a4bb15ecabae28f4d2e18983c244eddd767f560165563bf9aefbc8d",
                "sha256:77e2fd3057c9d78e225fa0a2160f96b64a824de17840351b26825b0848022906",
                "sha256:7c074fece789b5034b9b1404a1f8208fc2d4c6ce9decdd16e8220c5a793e6f61",
                "sha256:7c42c70cd1d362284289c6273adda4c6af8039a8ae12dc451dcd61cdabb8ab57",
                "sha256:7f57f14606cd1dd0f0de396e1e53824c371e9544a822648cd76c034d209b559c",
                "sha256:83c681c526a3439b5cf94f7420471705bbf96262f49a6fe546a6db5f687a3d4a",
                "sha256:8485b340a6a9e76c62a7dce3c98e5f102c9219f4cfbf896a00cf48caf078d438",
                "sha256:84e6e8cd997930fc66d5bb4fde61e2b62ba19d62b7abd7a69920406f9ecca946",
                "sha256:89284716bc6a5a415d4eaa11b1726d2d60a0cd12aadf5439828353662ede9dd7",
                "sha256:8b87e1a59c38f275c0e3676fc2ab6d59eccecfd460be267ac360cc31f7bcde96",
                "sha256:8f24ed114432de109aa9fd317278518a5af2d31ac2ea6b952b2f7782b43da091",
                "sha256:98cb4d057f285bd80d8778ebc4fde6b4d509ac3f331758fb1528b733215443ae",
                "sha256:998679bf62b7fb599d2878aa3ed06b9ce688b8974893e7223c60db155f26bd8d",
                "sha256:9ba053c5f50430a3fcfd36f75aff9caeba0440b2d076afdb79a318d6ca245f88",
                "sha256:9c99616c853bb585301df6de07ca2cadad344fd1ada6d62bb30aec05219c45d2",
                "sha256:a1fd716e7a01f8e717490fbe2e431d2905ab8aa598b9b12f8d10abebb36b04dd",
                "sha256:a2355cba1f4ad8b6988a4ca3feed5bff33f6af2d7f134852cf279c2aebfde541",
                "sha256:b1f8133c9a275df5613a451e73f36c2aea4fe13c5c8997e22cf355ebd7bd0728",
                "sha256:b8667b48e7a7ef66afba2c81e1094ef526388d35b873966d8a9a447974ed9178",
                "sha256:ba1eb1843304b1e5537e1fca632fa894d6f6deca8d6389636ee5b4797affb968",
                "sha256:be82c3c8cfb15b30f36768797a640e800513793d6ae1724aaaafe5bf86f8f346",
                "sha256:c02ec1c5856179f171e032a31d6f8bf84e5a75c45c33b2e20a3de353b266ebd8",
                "sha256:c672d99a345849301784604bfeaeba4db0c7aae50b95be04dd651fd2a7310b93",
                "sha256:c6c777a480337ac14f38564ac88ae82d4cd238bf293f0a22295b66eb89ffced7",
                "sha256:cae0274952c079886567f3f4f685bcaf5708f0a23a5f5216fdab71f81a6c0273",
                "sha256:cd67cf24a553339d5062eff51013780a00d6f97a39ca062781d06b3a73b15462",
                "sha256:d3515f198eaa2f0ed49f8819d5732d70698c3fa37384146079b3799b97667a94",
                "sha256:d5280312b9af0976231f9e317c20e4a61cd2f9629b7bfea6a693d1878a264ebd",
                "sha256:de06adc872bcd8c2a4e0dc51250e9e65ef2ca91be023b9d13ebd67c2ba552e1e",
                "sha256:e1674e4307fa3024fc897ca774e9c7562c957af85df55efe2988ed9056dc4e57",
                "sha256:e2096eddb4e7c7bdae4bd69ad364e55e07b8316653234a56552d9c988bd2d61b",
                "sha256:e560628513ed34759456a416bf86b54b2476c59144a9138165c9a1575801d0d9",
                "sha256:edfedb64740750e1a3b16152620220f51d58ff1b4abceb339ca92e934775c27a",
                "sha256:f13cae8cc389a440def0c8c52057f37359014ccbc9dc1f0827936bcd367c6100",
                "sha256:f314013e7dcd5cf45ab1945d92e713eec788166262ae8deb2cfacd53def27325",
                "sha256:f583edb943cf2e09c60441b910d6a20b4d9d626c75a36c8fcac01a6c96c01183",
                "sha256:fd8536e902db7e365f49e7d9029283403974ccf29b13fc7028b97e2295b33556",
                "sha256:fe70e325aa68fa4b5edf7d1a4b6f691eb04bbccac0ace68e34820d283b5f80d4"
            ],
            "markers": "python_version >= '3.5'",
            "version": "==1.5.0"
        },
        "google-resumable-media": {
            "hashes": [
                "sha256:092f39153cd67a4e409924edf08129f43cc72e630a1eb22abec93e80155df4ba",
                "sha256:ce38555d250bd70b0c2598bf61e99003cb8c569b0176ec0e3f38b86f9ffff581"
            ],
            "markers": "python_version >= '2.7' and python_version not in '3.0, 3.1, 3.2, 3.3, 3.4, 3.5'",
            "version": "==1.3.3"
        },
        "googleapis-common-protos": {
            "hashes": [
                "sha256:c727251ec025947d545184ba17e3578840fc3a24a0516a020479edab660457df",
                "sha256:ca3befcd4580dab6ad49356b46bf165bb68ff4b32389f028f1abd7c10ab9519a"
            ],
            "markers": "python_version >= '3.7'",
            "version": "==1.58.0"
        },
        "idna": {
            "hashes": [
                "sha256:b307872f855b18632ce0c21c5e45be78c0ea7ae4c15c828c20788b26921eb3f6",
                "sha256:b97d804b1e9b523befed77c48dacec60e6dcb0b5391d57af6a65a312a90648c0"
            ],
            "markers": "python_version >= '2.7' and python_version not in '3.0, 3.1, 3.2, 3.3'",
            "version": "==2.10"
        },
        "protobuf": {
            "hashes": [
                "sha256:1f22ac0ca65bb70a876060d96d914dae09ac98d114294f77584b0d2644fa9c30",
                "sha256:237216c3326d46808a9f7c26fd1bd4b20015fb6867dc5d263a493ef9a539293b",
                "sha256:27f4d15021da6d2b706ddc3860fac0a5ddaba34ab679dc182b60a8bb4e1121cc",
                "sha256:299ea899484ee6f44604deb71f424234f654606b983cb496ea2a53e3c63ab791",
                "sha256:3d164928ff0727d97022957c2b849250ca0e64777ee31efd7d6de2e07c494717",
                "sha256:6ab80df09e3208f742c98443b6166bcb70d65f52cfeb67357d52032ea1ae9bec",
                "sha256:78a28c9fa223998472886c77042e9b9afb6fe4242bd2a2a5aced88e3f4422aa7",
                "sha256:7cd532c4566d0e6feafecc1059d04c7915aec8e182d1cf7adee8b24ef1e2e6ab",
                "sha256:89f9149e4a0169cddfc44c74f230d7743002e3aa0b9472d8c28f0388102fc4c2",
                "sha256:a53fd3f03e578553623272dc46ac2f189de23862e68565e83dde203d41b76fc5",
                "sha256:b135410244ebe777db80298297a97fbb4c862c881b4403b71bac9d4107d61fd1",
                "sha256:b98d0148f84e3a3c569e19f52103ca1feacdac0d2df8d6533cf983d1fda28462",
                "sha256:d1736130bce8cf131ac7957fa26880ca19227d4ad68b4888b3be0dea1f95df97",
                "sha256:f45460f9ee70a0ec1b6694c6e4e348ad2019275680bd68a1d9314b8c7e01e574"
            ],
            "markers": "python_version >= '3.7'",
            "version": "==4.21.12"
        },
        "pyasn1": {
            "hashes": [
                "sha256:014c0e9976956a08139dc0712ae195324a75e142284d5f87f1a87ee1b068a359",
                "sha256:03840c999ba71680a131cfaee6fab142e1ed9bbd9c693e285cc6aca0d555e576",
                "sha256:0458773cfe65b153891ac249bcf1b5f8f320b7c2ce462151f8fa74de8934becf",
                "sha256:08c3c53b75eaa48d71cf8c710312316392ed40899cb34710d092e96745a358b7",
                "sha256:39c7e2ec30515947ff4e87fb6f456dfc6e84857d34be479c9d4a4ba4bf46aa5d",
                "sha256:5c9414dcfede6e441f7e8f81b43b34e834731003427e5b09e4e00e3172a10f00",
                "sha256:6e7545f1a61025a4e58bb336952c5061697da694db1cae97b116e9c46abcf7c8",
                "sha256:78fa6da68ed2727915c4767bb386ab32cdba863caa7dbe473eaae45f9959da86",
                "sha256:7ab8a544af125fb704feadb008c99a88805126fb525280b2270bb25cc1d78a12",
                "sha256:99fcc3c8d804d1bc6d9a099921e39d827026409a58f2a720dcdb89374ea0c776",
                "sha256:aef77c9fb94a3ac588e87841208bdec464471d9871bd5050a287cc9a475cd0ba",
                "sha256:e89bf84b5437b532b0803ba5c9a5e054d21fec423a89952a74f87fa2c9b7bce2",
                "sha256:fec3e9d8e36808a28efb59b489e4528c10ad0f480e57dcc32b4de5c9d8c9fdf3"
            ],
            "version": "==0.4.8"
        },
        "pyasn1-modules": {
            "hashes": [
                "sha256:0845a5582f6a02bb3e1bde9ecfc4bfcae6ec3210dd270522fee602365430c3f8",
                "sha256:0fe1b68d1e486a1ed5473f1302bd991c1611d319bba158e98b106ff86e1d7199",
                "sha256:15b7c67fabc7fc240d87fb9aabf999cf82311a6d6fb2c70d00d3d0604878c811",
                "sha256:426edb7a5e8879f1ec54a1864f16b882c2837bfd06eee62f2c982315ee2473ed",
                "sha256:65cebbaffc913f4fe9e4808735c95ea22d7a7775646ab690518c056784bc21b4",
                "sha256:905f84c712230b2c592c19470d3ca8d552de726050d1d1716282a1f6146be65e",
                "sha256:a50b808ffeb97cb3601dd25981f6b016cbb3d31fbf57a8b8a87428e6158d0c74",
                "sha256:a99324196732f53093a84c4369c996713eb8c89d360a496b599fb1a9c47fc3eb",
                "sha256:b80486a6c77252ea3a3e9b1e360bc9cf28eaac41263d173c032581ad2f20fe45",
                "sha256:c29a5e5cc7a3f05926aff34e097e84f8589cd790ce0ed41b67aed6857b26aafd",
                "sha256:cbac4bc38d117f2a49aeedec4407d23e8866ea4ac27ff2cf7fb3e5b570df19e0",
                "sha256:f39edd8c4ecaa4556e989147ebf219227e2cd2e8a43c7e7fcb1f1c18c5fd6a3d",
                "sha256:fe0644d9ab041506b62782e92b06b8c68cca799e1a9636ec398675459e031405"
            ],
            "version": "==0.2.8"
        },
        "requests": {
            "hashes": [
                "sha256:b3559a131db72c33ee969480840fff4bb6dd111de7dd27c8ee1f820f4f00231b",
                "sha256:fe75cc94a9443b9246fc7049224f75604b113c36acb93f87b80ed42c44cbb898"
            ],
            "index": "pypi",
            "version": "==2.24.0"
        },
        "rsa": {
            "hashes": [
                "sha256:90260d9058e514786967344d0ef75fa8727eed8a7d2e43ce9f4bcf1b536174f7",
                "sha256:e38464a49c6c85d7f1351b0126661487a7e0a14a50f1675ec50eb34d4f20ef21"
            ],
            "markers": "python_version >= '3.6'",
            "version": "==4.9"
        },
        "setuptools": {
            "hashes": [
                "sha256:57f6f22bde4e042978bcd50176fdb381d7c21a9efa4041202288d3737a0c6a54",
                "sha256:a7620757bf984b58deaf32fc8a4577a9bbc0850cf92c20e1ce41c38c19e5fb75"
            ],
            "markers": "python_version >= '3.7'",
            "version": "==65.6.3"
        },
        "six": {
            "hashes": [
                "sha256:1e61c37477a1626458e36f7b1d82aa5c9b094fa4802892072e49de9c60c4c926",
                "sha256:8abb2f1d86890a2dfb989f9a77cfcfd3e47c2a354b01111771326f8aa26e0254"
            ],
            "markers": "python_version >= '2.7' and python_version not in '3.0, 3.1, 3.2, 3.3'",
            "version": "==1.16.0"
        },
        "urllib3": {
            "hashes": [
                "sha256:8d7eaa5a82a1cac232164990f04874c594c9453ec55eef02eab885aa02fc17a2",
                "sha256:f5321fbe4bf3fefa0efd0bfe7fb14e90909eb62a48ccda331726b4319897dd5e"
            ],
            "markers": "python_version >= '2.7' and python_version not in '3.0, 3.1, 3.2, 3.3, 3.4' and python_version < '4'",
            "version": "==1.25.11"
        }
    },
    "develop": {
        "attrs": {
            "hashes": [
                "sha256:29e95c7f6778868dbd49170f98f8818f78f3dc5e0e37c0b1f474e3561b240836",
                "sha256:c9227bfc2f01993c03f68db37d1d15c9690188323c067c641f1a35ca58185f99"
            ],
            "markers": "python_full_version >= '3.6.0'",
            "version": "==22.2.0"
        },
        "certifi": {
            "hashes": [
                "sha256:35824b4c3a97115964b408844d64aa14db1cc518f6562e8d7261699d1350a9e3",
                "sha256:4ad3232f5e926d6718ec31cfc1fcadfde020920e278684144551c91769c7bc18"
            ],
            "markers": "python_version >= '3.6'",
            "version": "==2022.12.7"
        },
        "charset-normalizer": {
            "hashes": [
                "sha256:5a3d016c7c547f69d6f81fb0db9449ce888b418b5b9952cc5e6e66843e9dd845",
                "sha256:83e9a75d1911279afd89352c68b45348559d1fc0506b054b346651b5e7fee29f"
            ],
            "markers": "python_full_version >= '3.6.0'",
            "version": "==2.1.1"
        },
        "coverage": {
            "hashes": [
                "sha256:051afcbd6d2ac39298d62d340f94dbb6a1f31de06dfaf6fcef7b759dd3860c45",
                "sha256:0a1890fca2962c4f1ad16551d660b46ea77291fba2cc21c024cd527b9d9c8809",
                "sha256:0ee30375b409d9a7ea0f30c50645d436b6f5dfee254edffd27e45a980ad2c7f4",
                "sha256:13250b1f0bd023e0c9f11838bdeb60214dd5b6aaf8e8d2f110c7e232a1bff83b",
                "sha256:17e01dd8666c445025c29684d4aabf5a90dc6ef1ab25328aa52bedaa95b65ad7",
                "sha256:19245c249aa711d954623d94f23cc94c0fd65865661f20b7781210cb97c471c0",
                "sha256:1caed2367b32cc80a2b7f58a9f46658218a19c6cfe5bc234021966dc3daa01f0",
                "sha256:1f66862d3a41674ebd8d1a7b6f5387fe5ce353f8719040a986551a545d7d83ea",
                "sha256:220e3fa77d14c8a507b2d951e463b57a1f7810a6443a26f9b7591ef39047b1b2",
                "sha256:276f4cd0001cd83b00817c8db76730938b1ee40f4993b6a905f40a7278103b3a",
                "sha256:29de916ba1099ba2aab76aca101580006adfac5646de9b7c010a0f13867cba45",
                "sha256:2a7f23bbaeb2a87f90f607730b45564076d870f1fb07b9318d0c21f36871932b",
                "sha256:2c407b1950b2d2ffa091f4e225ca19a66a9bd81222f27c56bd12658fc5ca1209",
                "sha256:30b5fec1d34cc932c1bc04017b538ce16bf84e239378b8f75220478645d11fca",
                "sha256:3c2155943896ac78b9b0fd910fb381186d0c345911f5333ee46ac44c8f0e43ab",
                "sha256:411d4ff9d041be08fdfc02adf62e89c735b9468f6d8f6427f8a14b6bb0a85095",
                "sha256:436e103950d05b7d7f55e39beeb4d5be298ca3e119e0589c0227e6d0b01ee8c7",
                "sha256:49640bda9bda35b057b0e65b7c43ba706fa2335c9a9896652aebe0fa399e80e6",
                "sha256:4a950f83fd3f9bca23b77442f3a2b2ea4ac900944d8af9993743774c4fdc57af",
                "sha256:50a6adc2be8edd7ee67d1abc3cd20678987c7b9d79cd265de55941e3d0d56499",
                "sha256:52ab14b9e09ce052237dfe12d6892dd39b0401690856bcfe75d5baba4bfe2831",
                "sha256:54f7e9705e14b2c9f6abdeb127c390f679f6dbe64ba732788d3015f7f76ef637",
                "sha256:66e50680e888840c0995f2ad766e726ce71ca682e3c5f4eee82272c7671d38a2",
                "sha256:790e4433962c9f454e213b21b0fd4b42310ade9c077e8edcb5113db0818450cb",
                "sha256:7a38362528a9115a4e276e65eeabf67dcfaf57698e17ae388599568a78dcb029",
                "sha256:7b05ed4b35bf6ee790832f68932baf1f00caa32283d66cc4d455c9e9d115aafc",
                "sha256:7e109f1c9a3ece676597831874126555997c48f62bddbcace6ed17be3e372de8",
                "sha256:949844af60ee96a376aac1ded2a27e134b8c8d35cc006a52903fc06c24a3296f",
                "sha256:95304068686545aa368b35dfda1cdfbbdbe2f6fe43de4a2e9baa8ebd71be46e2",
                "sha256:9e662e6fc4f513b79da5d10a23edd2b87685815b337b1a30cd11307a6679148d",
                "sha256:a9fed35ca8c6e946e877893bbac022e8563b94404a605af1d1e6accc7eb73289",
                "sha256:b69522b168a6b64edf0c33ba53eac491c0a8f5cc94fa4337f9c6f4c8f2f5296c",
                "sha256:b78729038abea6a5df0d2708dce21e82073463b2d79d10884d7d591e0f385ded",
                "sha256:b8c56bec53d6e3154eaff6ea941226e7bd7cc0d99f9b3756c2520fc7a94e6d96",
                "sha256:b9727ac4f5cf2cbf87880a63870b5b9730a8ae3a4a360241a0fdaa2f71240ff0",
                "sha256:ba3027deb7abf02859aca49c865ece538aee56dcb4871b4cced23ba4d5088904",
                "sha256:be9fcf32c010da0ba40bf4ee01889d6c737658f4ddff160bd7eb9cac8f094b21",
                "sha256:c18d47f314b950dbf24a41787ced1474e01ca816011925976d90a88b27c22b89",
                "sha256:c76a3075e96b9c9ff00df8b5f7f560f5634dffd1658bafb79eb2682867e94f78",
                "sha256:cbfcba14a3225b055a28b3199c3d81cd0ab37d2353ffd7f6fd64844cebab31ad",
                "sha256:d254666d29540a72d17cc0175746cfb03d5123db33e67d1020e42dae611dc196",
                "sha256:d66187792bfe56f8c18ba986a0e4ae44856b1c645336bd2c776e3386da91e1dd",
                "sha256:d8d04e755934195bdc1db45ba9e040b8d20d046d04d6d77e71b3b34a8cc002d0",
                "sha256:d8f3e2e0a1d6777e58e834fd5a04657f66affa615dae61dd67c35d1568c38882",
                "sha256:e057e74e53db78122a3979f908973e171909a58ac20df05c33998d52e6d35757",
                "sha256:e4ce984133b888cc3a46867c8b4372c7dee9cee300335e2925e197bcd45b9e16",
                "sha256:ea76dbcad0b7b0deb265d8c36e0801abcddf6cc1395940a24e3595288b405ca0",
                "sha256:ecb0f73954892f98611e183f50acdc9e21a4653f294dfbe079da73c6378a6f47",
                "sha256:ef14d75d86f104f03dea66c13188487151760ef25dd6b2dbd541885185f05f40",
                "sha256:f26648e1b3b03b6022b48a9b910d0ae209e2d51f50441db5dce5b530fad6d9b1",
                "sha256:f67472c09a0c7486e27f3275f617c964d25e35727af952869dd496b9b5b7f6a3"
            ],
            "markers": "python_version >= '3.7'",
            "version": "==7.0.5"
        },
        "idna": {
            "hashes": [
                "sha256:b307872f855b18632ce0c21c5e45be78c0ea7ae4c15c828c20788b26921eb3f6",
                "sha256:b97d804b1e9b523befed77c48dacec60e6dcb0b5391d57af6a65a312a90648c0"
            ],
            "markers": "python_version >= '2.7' and python_version not in '3.0, 3.1, 3.2, 3.3'",
            "version": "==2.10"
        },
        "iniconfig": {
            "hashes": [
                "sha256:2d91e135bf72d31a410b17c16da610a82cb55f6b0477d1a902134b24a455b8b3",
                "sha256:b6a85871a79d2e3b22d2d1b94ac2824226a63c6b741c88f7ae975f18b6778374"
            ],
            "markers": "python_version >= '3.7'",
            "version": "==2.0.0"
        },
        "more-itertools": {
            "hashes": [
                "sha256:250e83d7e81d0c87ca6bd942e6aeab8cc9daa6096d12c5308f3f92fa5e5c1f41",
                "sha256:5a6257e40878ef0520b1803990e3e22303a41b5714006c32a3fd8304b26ea1ab"
            ],
            "markers": "python_version >= '3.7'",
            "version": "==9.0.0"
        },
        "packaging": {
            "hashes": [
                "sha256:714ac14496c3e68c99c29b00845f7a2b85f3bb6f1078fd9f72fd20f0570002b2",
                "sha256:b6ad297f8907de0fa2fe1ccbd26fdaf387f5f47c7275fedf8cce89f99446cf97"
            ],
            "markers": "python_version >= '3.7'",
            "version": "==23.0"
        },
        "pluggy": {
            "hashes": [
                "sha256:15b2acde666561e1298d71b523007ed7364de07029219b604cf808bfa1c765b0",
                "sha256:966c145cd83c96502c3c3868f50408687b38434af77734af1e9ca461a4081d2d"
            ],
            "markers": "python_version >= '2.7' and python_version not in '3.0, 3.1, 3.2, 3.3'",
            "version": "==0.13.1"
        },
        "py": {
            "hashes": [
                "sha256:51c75c4126074b472f746a24399ad32f6053d1b34b68d2fa41e558e6f4a98719",
                "sha256:607c53218732647dff4acdfcd50cb62615cedf612e72d1724fb1a0cc6405b378"
            ],
            "index": "pypi",
            "version": "==1.11.0"
        },
        "pytest": {
            "hashes": [
                "sha256:0e37f61339c4578776e090c3b8f6b16ce4db333889d65d0efb305243ec544b40",
                "sha256:c8f57c2a30983f469bf03e68cdfa74dc474ce56b8f280ddcb080dfd91df01043"
            ],
            "index": "pypi",
            "version": "==6.0.2"
        },
        "pytest-cov": {
            "hashes": [
                "sha256:45ec2d5182f89a81fc3eb29e3d1ed3113b9e9a873bcddb2a71faaab066110191",
                "sha256:47bd0ce14056fdd79f93e1713f88fad7bdcc583dcd7783da86ef2f085a0bb88e"
            ],
            "index": "pypi",
            "version": "==2.10.1"
        },
        "requests": {
            "hashes": [
                "sha256:b3559a131db72c33ee969480840fff4bb6dd111de7dd27c8ee1f820f4f00231b",
                "sha256:fe75cc94a9443b9246fc7049224f75604b113c36acb93f87b80ed42c44cbb898"
            ],
            "index": "pypi",
            "version": "==2.24.0"
        },
        "responses": {
            "hashes": [
                "sha256:0de50fbf600adf5ef9f0821b85cc537acca98d66bc7776755924476775c1989c",
                "sha256:e80d5276011a4b79ecb62c5f82ba07aa23fb31ecbc95ee7cad6de250a3c97444"
            ],
            "index": "pypi",
            "version": "==0.12.0"
        },
        "six": {
            "hashes": [
                "sha256:1e61c37477a1626458e36f7b1d82aa5c9b094fa4802892072e49de9c60c4c926",
                "sha256:8abb2f1d86890a2dfb989f9a77cfcfd3e47c2a354b01111771326f8aa26e0254"
            ],
            "markers": "python_version >= '2.7' and python_version not in '3.0, 3.1, 3.2, 3.3'",
            "version": "==1.16.0"
        },
        "testfixtures": {
            "hashes": [
                "sha256:14d9907390f5f9c7189b3d511b64f34f1072d07cc13b604a57e1bb79029376e3",
                "sha256:816557888877f498081c1b5c572049b4a2ddffedb77401308ff4cdc1bb9147b7"
            ],
            "index": "pypi",
            "version": "==6.14.2"
        },
        "toml": {
            "hashes": [
                "sha256:806143ae5bfb6a3c6e736a764057db0e6a0e05e338b5630894a5f779cabb4f9b",
                "sha256:b3bda1d108d5dd99f4a20d24d9c348e91c4db7ab1b749200bded2f839ccbe68f"
            ],
            "markers": "python_version >= '2.6' and python_version not in '3.0, 3.1, 3.2, 3.3'",
            "version": "==0.10.2"
        },
        "urllib3": {
            "hashes": [
                "sha256:8d7eaa5a82a1cac232164990f04874c594c9453ec55eef02eab885aa02fc17a2",
                "sha256:f5321fbe4bf3fefa0efd0bfe7fb14e90909eb62a48ccda331726b4319897dd5e"
            ],
            "markers": "python_version >= '2.7' and python_version not in '3.0, 3.1, 3.2, 3.3, 3.4' and python_version < '4'",
            "version": "==1.25.11"
        }
    }
}
